
Microsoft Visual Studio Solution File, Format Version 12.00
# Visual Studio Version 17
VisualStudioVersion = 17.0.31903.59
MinimumVisualStudioVersion = 10.0.40219.1
Project("{2150E333-8FDC-42A3-9474-1A3956D46DE8}") = "Microservices", "Microservices", "{B130E455-2AE7-47DA-9146-2DA2EF3D03E3}"
EndProject
Project("{2150E333-8FDC-42A3-9474-1A3956D46DE8}") = "REDEME", "REDEME", "{7E4BEE61-72A0-4099-92F1-47E670322600}"
	ProjectSection(SolutionItems) = preProject
		Redeme.txt = Redeme.txt
	EndProjectSection
EndProject
Project("{2150E333-8FDC-42A3-9474-1A3956D46DE8}") = "WebApplication", "WebApplication", "{DE03E55B-7991-45B3-B782-BBFA660A05D3}"
EndProject
Project("{2150E333-8FDC-42A3-9474-1A3956D46DE8}") = "ApiGateway", "ApiGateway", "{BC798F88-5069-4860-885D-60A1B77864E9}"
EndProject
Project("{2150E333-8FDC-42A3-9474-1A3956D46DE8}") = "Integration", "Integration", "{7B4874B6-8707-4088-A125-5FE84D46CC29}"
EndProject
Project("{9A19103F-16F7-4668-BE54-9A1E7A4F7556}") = "Coupon.API", "Service.Coupons.Api\Coupon.API.csproj", "{CE228263-B52E-411D-820F-E485EB399A89}"
EndProject
Project("{9A19103F-16F7-4668-BE54-9A1E7A4F7556}") = "eCommerceWebMVC", "MicroserviceMVC\eCommerceWebMVC.csproj", "{8B8BFD5E-B14C-4027-90A6-2861FDA074A0}"
EndProject
Project("{9A19103F-16F7-4668-BE54-9A1E7A4F7556}") = "Auth.API", "Auth.API\Auth.API.csproj", "{084A9A28-C708-4501-949A-9A968F0B0DAD}"
EndProject
Project("{9A19103F-16F7-4668-BE54-9A1E7A4F7556}") = "Product.API", "Product.API\Product.API.csproj", "{ECAD5431-6613-49DB-AF92-9B6D1F614CB6}"
EndProject
Project("{9A19103F-16F7-4668-BE54-9A1E7A4F7556}") = "ShoppingCart.API", "ShoppingCart.API\ShoppingCart.API.csproj", "{66B302AB-DA9D-4F7B-AB30-23F6FAED0287}"
EndProject
Project("{9A19103F-16F7-4668-BE54-9A1E7A4F7556}") = "MessageBus", "MessageBus\MessageBus.csproj", "{881F4CD5-B566-42EB-866C-D996EBEFBA6F}"
EndProject
Project("{9A19103F-16F7-4668-BE54-9A1E7A4F7556}") = "Email.API", "Email.API\Email.API.csproj", "{53BB338A-991C-440D-8CAC-4E564433E31B}"
EndProject
Project("{9A19103F-16F7-4668-BE54-9A1E7A4F7556}") = "Order.API", "Order.API\Order.API.csproj", "{0D1EC171-3133-4FA5-B0B7-409C7483D88C}"
EndProject
Project("{FAE04EC0-301F-11D3-BF4B-00C04F79EFBC}") = "Rewards.API", "Rewards.API\Rewards.API.csproj", "{C69F9FCB-94B9-43D0-BB92-691B4D3FEEE3}"
EndProject
Global
	GlobalSection(SolutionConfigurationPlatforms) = preSolution
		Debug|Any CPU = Debug|Any CPU
		Release|Any CPU = Release|Any CPU
	EndGlobalSection
	GlobalSection(ProjectConfigurationPlatforms) = postSolution
		{CE228263-B52E-411D-820F-E485EB399A89}.Debug|Any CPU.ActiveCfg = Debug|Any CPU
		{CE228263-B52E-411D-820F-E485EB399A89}.Debug|Any CPU.Build.0 = Debug|Any CPU
		{CE228263-B52E-411D-820F-E485EB399A89}.Release|Any CPU.ActiveCfg = Release|Any CPU
		{CE228263-B52E-411D-820F-E485EB399A89}.Release|Any CPU.Build.0 = Release|Any CPU
		{8B8BFD5E-B14C-4027-90A6-2861FDA074A0}.Debug|Any CPU.ActiveCfg = Debug|Any CPU
		{8B8BFD5E-B14C-4027-90A6-2861FDA074A0}.Debug|Any CPU.Build.0 = Debug|Any CPU
		{8B8BFD5E-B14C-4027-90A6-2861FDA074A0}.Release|Any CPU.ActiveCfg = Release|Any CPU
		{8B8BFD5E-B14C-4027-90A6-2861FDA074A0}.Release|Any CPU.Build.0 = Release|Any CPU
		{084A9A28-C708-4501-949A-9A968F0B0DAD}.Debug|Any CPU.ActiveCfg = Debug|Any CPU
		{084A9A28-C708-4501-949A-9A968F0B0DAD}.Debug|Any CPU.Build.0 = Debug|Any CPU
		{084A9A28-C708-4501-949A-9A968F0B0DAD}.Release|Any CPU.ActiveCfg = Release|Any CPU
		{084A9A28-C708-4501-949A-9A968F0B0DAD}.Release|Any CPU.Build.0 = Release|Any CPU
		{ECAD5431-6613-49DB-AF92-9B6D1F614CB6}.Debug|Any CPU.ActiveCfg = Debug|Any CPU
		{ECAD5431-6613-49DB-AF92-9B6D1F614CB6}.Debug|Any CPU.Build.0 = Debug|Any CPU
		{ECAD5431-6613-49DB-AF92-9B6D1F614CB6}.Release|Any CPU.ActiveCfg = Release|Any CPU
		{ECAD5431-6613-49DB-AF92-9B6D1F614CB6}.Release|Any CPU.Build.0 = Release|Any CPU
		{66B302AB-DA9D-4F7B-AB30-23F6FAED0287}.Debug|Any CPU.ActiveCfg = Debug|Any CPU
		{66B302AB-DA9D-4F7B-AB30-23F6FAED0287}.Debug|Any CPU.Build.0 = Debug|Any CPU
		{66B302AB-DA9D-4F7B-AB30-23F6FAED0287}.Release|Any CPU.ActiveCfg = Release|Any CPU
		{66B302AB-DA9D-4F7B-AB30-23F6FAED0287}.Release|Any CPU.Build.0 = Release|Any CPU
		{881F4CD5-B566-42EB-866C-D996EBEFBA6F}.Debug|Any CPU.ActiveCfg = Debug|Any CPU
		{881F4CD5-B566-42EB-866C-D996EBEFBA6F}.Debug|Any CPU.Build.0 = Debug|Any CPU
		{881F4CD5-B566-42EB-866C-D996EBEFBA6F}.Release|Any CPU.ActiveCfg = Release|Any CPU
		{881F4CD5-B566-42EB-866C-D996EBEFBA6F}.Release|Any CPU.Build.0 = Release|Any CPU
		{53BB338A-991C-440D-8CAC-4E564433E31B}.Debug|Any CPU.ActiveCfg = Debug|Any CPU
		{53BB338A-991C-440D-8CAC-4E564433E31B}.Debug|Any CPU.Build.0 = Debug|Any CPU
		{53BB338A-991C-440D-8CAC-4E564433E31B}.Release|Any CPU.ActiveCfg = Release|Any CPU
		{53BB338A-991C-440D-8CAC-4E564433E31B}.Release|Any CPU.Build.0 = Release|Any CPU
		{0D1EC171-3133-4FA5-B0B7-409C7483D88C}.Debug|Any CPU.ActiveCfg = Debug|Any CPU
		{0D1EC171-3133-4FA5-B0B7-409C7483D88C}.Debug|Any CPU.Build.0 = Debug|Any CPU
		{0D1EC171-3133-4FA5-B0B7-409C7483D88C}.Release|Any CPU.ActiveCfg = Release|Any CPU
		{0D1EC171-3133-4FA5-B0B7-409C7483D88C}.Release|Any CPU.Build.0 = Release|Any CPU
		{C69F9FCB-94B9-43D0-BB92-691B4D3FEEE3}.Debug|Any CPU.ActiveCfg = Debug|Any CPU
		{C69F9FCB-94B9-43D0-BB92-691B4D3FEEE3}.Debug|Any CPU.Build.0 = Debug|Any CPU
		{C69F9FCB-94B9-43D0-BB92-691B4D3FEEE3}.Release|Any CPU.ActiveCfg = Release|Any CPU
		{C69F9FCB-94B9-43D0-BB92-691B4D3FEEE3}.Release|Any CPU.Build.0 = Release|Any CPU
	EndGlobalSection
	GlobalSection(SolutionProperties) = preSolution
		HideSolutionNode = FALSE
	EndGlobalSection
	GlobalSection(NestedProjects) = preSolution
		{CE228263-B52E-411D-820F-E485EB399A89} = {B130E455-2AE7-47DA-9146-2DA2EF3D03E3}
		{8B8BFD5E-B14C-4027-90A6-2861FDA074A0} = {DE03E55B-7991-45B3-B782-BBFA660A05D3}
		{084A9A28-C708-4501-949A-9A968F0B0DAD} = {B130E455-2AE7-47DA-9146-2DA2EF3D03E3}
		{ECAD5431-6613-49DB-AF92-9B6D1F614CB6} = {B130E455-2AE7-47DA-9146-2DA2EF3D03E3}
		{66B302AB-DA9D-4F7B-AB30-23F6FAED0287} = {B130E455-2AE7-47DA-9146-2DA2EF3D03E3}
		{881F4CD5-B566-42EB-866C-D996EBEFBA6F} = {7B4874B6-8707-4088-A125-5FE84D46CC29}
		{53BB338A-991C-440D-8CAC-4E564433E31B} = {B130E455-2AE7-47DA-9146-2DA2EF3D03E3}
		{0D1EC171-3133-4FA5-B0B7-409C7483D88C} = {B130E455-2AE7-47DA-9146-2DA2EF3D03E3}
		{C69F9FCB-94B9-43D0-BB92-691B4D3FEEE3} = {B130E455-2AE7-47DA-9146-2DA2EF3D03E3}
	EndGlobalSection
	GlobalSection(ExtensibilityGlobals) = postSolution
		SolutionGuid = {B398120B-B101-4F59-871D-A0491376EF91}
	EndGlobalSection
EndGlobal
